// !$*UTF8*$!
{
	archiveVersion = 1;
	classes = {
	};
	objectVersion = 55;
	objects = {

/* Begin PBXBuildFile section */
		E56CC3C028548F3500530F22 /* ShopWebViewPresenter.swift in Sources */ = {isa = PBXBuildFile; fileRef = E56CC3BF28548F3500530F22 /* ShopWebViewPresenter.swift */; };
		E5BB991D284760F200390916 /* AppDelegate.swift in Sources */ = {isa = PBXBuildFile; fileRef = E5BB991C284760F200390916 /* AppDelegate.swift */; };
		E5BB991F284760F200390916 /* SceneDelegate.swift in Sources */ = {isa = PBXBuildFile; fileRef = E5BB991E284760F200390916 /* SceneDelegate.swift */; };
		E5BB9926284760F300390916 /* Assets.xcassets in Resources */ = {isa = PBXBuildFile; fileRef = E5BB9925284760F300390916 /* Assets.xcassets */; };
		E5BB9929284760F300390916 /* LaunchScreen.storyboard in Resources */ = {isa = PBXBuildFile; fileRef = E5BB9927284760F300390916 /* LaunchScreen.storyboard */; };
		E5BB9934284760F300390916 /* ShoppingTests.swift in Sources */ = {isa = PBXBuildFile; fileRef = E5BB9933284760F300390916 /* ShoppingTests.swift */; };
		E5BB993E284760F300390916 /* ShoppingUITests.swift in Sources */ = {isa = PBXBuildFile; fileRef = E5BB993D284760F300390916 /* ShoppingUITests.swift */; };
		E5BB9940284760F300390916 /* ShoppingUITestsLaunchTests.swift in Sources */ = {isa = PBXBuildFile; fileRef = E5BB993F284760F300390916 /* ShoppingUITestsLaunchTests.swift */; };
		E5BB994E284761CA00390916 /* SnapKit in Frameworks */ = {isa = PBXBuildFile; productRef = E5BB994D284761CA00390916 /* SnapKit */; };
		E5BB9951284761E100390916 /* Alamofire in Frameworks */ = {isa = PBXBuildFile; productRef = E5BB9950284761E100390916 /* Alamofire */; };
		E5BB99542847620000390916 /* Kingfisher in Frameworks */ = {isa = PBXBuildFile; productRef = E5BB99532847620000390916 /* Kingfisher */; };
		E5BB995E2847664E00390916 /* ShopListViewController.swift in Sources */ = {isa = PBXBuildFile; fileRef = E5BB995D2847664E00390916 /* ShopListViewController.swift */; };
		E5BB9961284766A000390916 /* ShopListPresenter.swift in Sources */ = {isa = PBXBuildFile; fileRef = E5BB9960284766A000390916 /* ShopListPresenter.swift */; };
		E5BB9963284773E200390916 /* ShopListTableViewCell.swift in Sources */ = {isa = PBXBuildFile; fileRef = E5BB9962284773E200390916 /* ShopListTableViewCell.swift */; };
		E5BB99652848830200390916 /* ShopRequestModel.swift in Sources */ = {isa = PBXBuildFile; fileRef = E5BB99642848830200390916 /* ShopRequestModel.swift */; };
		E5BB99672848866500390916 /* ShopResponseModel.swift in Sources */ = {isa = PBXBuildFile; fileRef = E5BB99662848866500390916 /* ShopResponseModel.swift */; };
		E5BB996A284887D800390916 /* Shop.swift in Sources */ = {isa = PBXBuildFile; fileRef = E5BB9969284887D800390916 /* Shop.swift */; };
		E5BCFBC32848925A001AB5AF /* ShopSearchManager.swift in Sources */ = {isa = PBXBuildFile; fileRef = E5BCFBC22848925A001AB5AF /* ShopSearchManager.swift */; };
		E5BCFBC62848C068001AB5AF /* String+.swift in Sources */ = {isa = PBXBuildFile; fileRef = E5BCFBC52848C068001AB5AF /* String+.swift */; };
		E5BCFBCD28498EA6001AB5AF /* ShopWebViewController.swift in Sources */ = {isa = PBXBuildFile; fileRef = E5BCFBCC28498EA6001AB5AF /* ShopWebViewController.swift */; };
		E5BCFBCF2849BACB001AB5AF /* UserDefaultsManager.swift in Sources */ = {isa = PBXBuildFile; fileRef = E5BCFBCE2849BACB001AB5AF /* UserDefaultsManager.swift */; };
/* End PBXBuildFile section */

/* Begin PBXContainerItemProxy section */
		E5BB9930284760F300390916 /* PBXContainerItemProxy */ = {
			isa = PBXContainerItemProxy;
			containerPortal = E5BB9911284760F200390916 /* Project object */;
			proxyType = 1;
			remoteGlobalIDString = E5BB9918284760F200390916;
			remoteInfo = Shopping;
		};
		E5BB993A284760F300390916 /* PBXContainerItemProxy */ = {
			isa = PBXContainerItemProxy;
			containerPortal = E5BB9911284760F200390916 /* Project object */;
			proxyType = 1;
			remoteGlobalIDString = E5BB9918284760F200390916;
			remoteInfo = Shopping;
		};
/* End PBXContainerItemProxy section */

/* Begin PBXFileReference section */
		E56CC3BF28548F3500530F22 /* ShopWebViewPresenter.swift */ = {isa = PBXFileReference; lastKnownFileType = sourcecode.swift; path = ShopWebViewPresenter.swift; sourceTree = "<group>"; };
		E5BB9919284760F200390916 /* Shopping.app */ = {isa = PBXFileReference; explicitFileType = wrapper.application; includeInIndex = 0; path = Shopping.app; sourceTree = BUILT_PRODUCTS_DIR; };
		E5BB991C284760F200390916 /* AppDelegate.swift */ = {isa = PBXFileReference; lastKnownFileType = sourcecode.swift; path = AppDelegate.swift; sourceTree = "<group>"; };
		E5BB991E284760F200390916 /* SceneDelegate.swift */ = {isa = PBXFileReference; lastKnownFileType = sourcecode.swift; path = SceneDelegate.swift; sourceTree = "<group>"; };
		E5BB9925284760F300390916 /* Assets.xcassets */ = {isa = PBXFileReference; lastKnownFileType = folder.assetcatalog; path = Assets.xcassets; sourceTree = "<group>"; };
		E5BB9928284760F300390916 /* Base */ = {isa = PBXFileReference; lastKnownFileType = file.storyboard; name = Base; path = Base.lproj/LaunchScreen.storyboard; sourceTree = "<group>"; };
		E5BB992A284760F300390916 /* Info.plist */ = {isa = PBXFileReference; lastKnownFileType = text.plist.xml; path = Info.plist; sourceTree = "<group>"; };
		E5BB992F284760F300390916 /* ShoppingTests.xctest */ = {isa = PBXFileReference; explicitFileType = wrapper.cfbundle; includeInIndex = 0; path = ShoppingTests.xctest; sourceTree = BUILT_PRODUCTS_DIR; };
		E5BB9933284760F300390916 /* ShoppingTests.swift */ = {isa = PBXFileReference; lastKnownFileType = sourcecode.swift; path = ShoppingTests.swift; sourceTree = "<group>"; };
		E5BB9939284760F300390916 /* ShoppingUITests.xctest */ = {isa = PBXFileReference; explicitFileType = wrapper.cfbundle; includeInIndex = 0; path = ShoppingUITests.xctest; sourceTree = BUILT_PRODUCTS_DIR; };
		E5BB993D284760F300390916 /* ShoppingUITests.swift */ = {isa = PBXFileReference; lastKnownFileType = sourcecode.swift; path = ShoppingUITests.swift; sourceTree = "<group>"; };
		E5BB993F284760F300390916 /* ShoppingUITestsLaunchTests.swift */ = {isa = PBXFileReference; lastKnownFileType = sourcecode.swift; path = ShoppingUITestsLaunchTests.swift; sourceTree = "<group>"; };
		E5BB995D2847664E00390916 /* ShopListViewController.swift */ = {isa = PBXFileReference; fileEncoding = 4; lastKnownFileType = sourcecode.swift; path = ShopListViewController.swift; sourceTree = "<group>"; };
		E5BB9960284766A000390916 /* ShopListPresenter.swift */ = {isa = PBXFileReference; lastKnownFileType = sourcecode.swift; path = ShopListPresenter.swift; sourceTree = "<group>"; };
		E5BB9962284773E200390916 /* ShopListTableViewCell.swift */ = {isa = PBXFileReference; lastKnownFileType = sourcecode.swift; path = ShopListTableViewCell.swift; sourceTree = "<group>"; };
		E5BB99642848830200390916 /* ShopRequestModel.swift */ = {isa = PBXFileReference; lastKnownFileType = sourcecode.swift; path = ShopRequestModel.swift; sourceTree = "<group>"; };
		E5BB99662848866500390916 /* ShopResponseModel.swift */ = {isa = PBXFileReference; lastKnownFileType = sourcecode.swift; path = ShopResponseModel.swift; sourceTree = "<group>"; };
		E5BB9969284887D800390916 /* Shop.swift */ = {isa = PBXFileReference; lastKnownFileType = sourcecode.swift; path = Shop.swift; sourceTree = "<group>"; };
		E5BCFBC22848925A001AB5AF /* ShopSearchManager.swift */ = {isa = PBXFileReference; lastKnownFileType = sourcecode.swift; path = ShopSearchManager.swift; sourceTree = "<group>"; };
		E5BCFBC52848C068001AB5AF /* String+.swift */ = {isa = PBXFileReference; lastKnownFileType = sourcecode.swift; path = "String+.swift"; sourceTree = "<group>"; };
		E5BCFBCC28498EA6001AB5AF /* ShopWebViewController.swift */ = {isa = PBXFileReference; lastKnownFileType = sourcecode.swift; path = ShopWebViewController.swift; sourceTree = "<group>"; };
		E5BCFBCE2849BACB001AB5AF /* UserDefaultsManager.swift */ = {isa = PBXFileReference; lastKnownFileType = sourcecode.swift; path = UserDefaultsManager.swift; sourceTree = "<group>"; };
/* End PBXFileReference section */

/* Begin PBXFrameworksBuildPhase section */
		E5BB9916284760F200390916 /* Frameworks */ = {
			isa = PBXFrameworksBuildPhase;
			buildActionMask = 2147483647;
			files = (
				E5BB99542847620000390916 /* Kingfisher in Frameworks */,
				E5BB994E284761CA00390916 /* SnapKit in Frameworks */,
				E5BB9951284761E100390916 /* Alamofire in Frameworks */,
			);
			runOnlyForDeploymentPostprocessing = 0;
		};
		E5BB992C284760F300390916 /* Frameworks */ = {
			isa = PBXFrameworksBuildPhase;
			buildActionMask = 2147483647;
			files = (
			);
			runOnlyForDeploymentPostprocessing = 0;
		};
		E5BB9936284760F300390916 /* Frameworks */ = {
			isa = PBXFrameworksBuildPhase;
			buildActionMask = 2147483647;
			files = (
			);
			runOnlyForDeploymentPostprocessing = 0;
		};
/* End PBXFrameworksBuildPhase section */

/* Begin PBXGroup section */
		E5BB9910284760F200390916 = {
			isa = PBXGroup;
			children = (
				E5BB991B284760F200390916 /* Shopping */,
				E5BB9932284760F300390916 /* ShoppingTests */,
				E5BB993C284760F300390916 /* ShoppingUITests */,
				E5BB991A284760F200390916 /* Products */,
			);
			sourceTree = "<group>";
		};
		E5BB991A284760F200390916 /* Products */ = {
			isa = PBXGroup;
			children = (
				E5BB9919284760F200390916 /* Shopping.app */,
				E5BB992F284760F300390916 /* ShoppingTests.xctest */,
				E5BB9939284760F300390916 /* ShoppingUITests.xctest */,
			);
			name = Products;
			sourceTree = "<group>";
		};
		E5BB991B284760F200390916 /* Shopping */ = {
			isa = PBXGroup;
			children = (
				E5BB991C284760F200390916 /* AppDelegate.swift */,
				E5BB991E284760F200390916 /* SceneDelegate.swift */,
				E5BCFBC428489286001AB5AF /* Managers */,
				E5BB99682848878000390916 /* Models */,
				E5BB995C2847663C00390916 /* Scenes */,
				E5BB9925284760F300390916 /* Assets.xcassets */,
				E5BB9927284760F300390916 /* LaunchScreen.storyboard */,
				E5BB992A284760F300390916 /* Info.plist */,
				E5BCFBC52848C068001AB5AF /* String+.swift */,
			);
			path = Shopping;
			sourceTree = "<group>";
		};
		E5BB9932284760F300390916 /* ShoppingTests */ = {
			isa = PBXGroup;
			children = (
				E5BB9933284760F300390916 /* ShoppingTests.swift */,
			);
			path = ShoppingTests;
			sourceTree = "<group>";
		};
		E5BB993C284760F300390916 /* ShoppingUITests */ = {
			isa = PBXGroup;
			children = (
				E5BB993D284760F300390916 /* ShoppingUITests.swift */,
				E5BB993F284760F300390916 /* ShoppingUITestsLaunchTests.swift */,
			);
			path = ShoppingUITests;
			sourceTree = "<group>";
		};
		E5BB995C2847663C00390916 /* Scenes */ = {
			isa = PBXGroup;
			children = (
				E5BB995F2847667000390916 /* ShopList */,
				E5BCFBCB28498E3D001AB5AF /* ShopDetail */,
			);
			path = Scenes;
			sourceTree = "<group>";
		};
		E5BB995F2847667000390916 /* ShopList */ = {
			isa = PBXGroup;
			children = (
				E5BB995D2847664E00390916 /* ShopListViewController.swift */,
				E5BB9960284766A000390916 /* ShopListPresenter.swift */,
				E5BB9962284773E200390916 /* ShopListTableViewCell.swift */,
			);
			path = ShopList;
			sourceTree = "<group>";
		};
		E5BB99682848878000390916 /* Models */ = {
			isa = PBXGroup;
			children = (
				E5BB99642848830200390916 /* ShopRequestModel.swift */,
				E5BB99662848866500390916 /* ShopResponseModel.swift */,
				E5BB9969284887D800390916 /* Shop.swift */,
			);
			path = Models;
			sourceTree = "<group>";
		};
		E5BCFBC428489286001AB5AF /* Managers */ = {
			isa = PBXGroup;
			children = (
				E5BCFBC22848925A001AB5AF /* ShopSearchManager.swift */,
				E5BCFBCE2849BACB001AB5AF /* UserDefaultsManager.swift */,
			);
			path = Managers;
			sourceTree = "<group>";
		};
		E5BCFBCB28498E3D001AB5AF /* ShopDetail */ = {
			isa = PBXGroup;
			children = (
				E5BCFBCC28498EA6001AB5AF /* ShopWebViewController.swift */,
				E56CC3BF28548F3500530F22 /* ShopWebViewPresenter.swift */,
			);
			path = ShopDetail;
			sourceTree = "<group>";
		};
/* End PBXGroup section */

/* Begin PBXNativeTarget section */
		E5BB9918284760F200390916 /* Shopping */ = {
			isa = PBXNativeTarget;
			buildConfigurationList = E5BB9943284760F300390916 /* Build configuration list for PBXNativeTarget "Shopping" */;
			buildPhases = (
				E5BB9915284760F200390916 /* Sources */,
				E5BB9916284760F200390916 /* Frameworks */,
				E5BB9917284760F200390916 /* Resources */,
			);
			buildRules = (
			);
			dependencies = (
			);
			name = Shopping;
			packageProductDependencies = (
				E5BB994D284761CA00390916 /* SnapKit */,
				E5BB9950284761E100390916 /* Alamofire */,
				E5BB99532847620000390916 /* Kingfisher */,
			);
			productName = Shopping;
			productReference = E5BB9919284760F200390916 /* Shopping.app */;
			productType = "com.apple.product-type.application";
		};
		E5BB992E284760F300390916 /* ShoppingTests */ = {
			isa = PBXNativeTarget;
			buildConfigurationList = E5BB9946284760F300390916 /* Build configuration list for PBXNativeTarget "ShoppingTests" */;
			buildPhases = (
				E5BB992B284760F300390916 /* Sources */,
				E5BB992C284760F300390916 /* Frameworks */,
				E5BB992D284760F300390916 /* Resources */,
			);
			buildRules = (
			);
			dependencies = (
				E5BB9931284760F300390916 /* PBXTargetDependency */,
			);
			name = ShoppingTests;
			productName = ShoppingTests;
			productReference = E5BB992F284760F300390916 /* ShoppingTests.xctest */;
			productType = "com.apple.product-type.bundle.unit-test";
		};
		E5BB9938284760F300390916 /* ShoppingUITests */ = {
			isa = PBXNativeTarget;
			buildConfigurationList = E5BB9949284760F300390916 /* Build configuration list for PBXNativeTarget "ShoppingUITests" */;
			buildPhases = (
				E5BB9935284760F300390916 /* Sources */,
				E5BB9936284760F300390916 /* Frameworks */,
				E5BB9937284760F300390916 /* Resources */,
			);
			buildRules = (
			);
			dependencies = (
				E5BB993B284760F300390916 /* PBXTargetDependency */,
			);
			name = ShoppingUITests;
			productName = ShoppingUITests;
			productReference = E5BB9939284760F300390916 /* ShoppingUITests.xctest */;
			productType = "com.apple.product-type.bundle.ui-testing";
		};
/* End PBXNativeTarget section */

/* Begin PBXProject section */
		E5BB9911284760F200390916 /* Project object */ = {
			isa = PBXProject;
			attributes = {
				BuildIndependentTargetsInParallel = 1;
				LastSwiftUpdateCheck = 1320;
				LastUpgradeCheck = 1320;
				TargetAttributes = {
					E5BB9918284760F200390916 = {
						CreatedOnToolsVersion = 13.2.1;
					};
					E5BB992E284760F300390916 = {
						CreatedOnToolsVersion = 13.2.1;
						TestTargetID = E5BB9918284760F200390916;
					};
					E5BB9938284760F300390916 = {
						CreatedOnToolsVersion = 13.2.1;
						TestTargetID = E5BB9918284760F200390916;
					};
				};
			};
			buildConfigurationList = E5BB9914284760F200390916 /* Build configuration list for PBXProject "Shopping" */;
			compatibilityVersion = "Xcode 13.0";
			developmentRegion = en;
			hasScannedForEncodings = 0;
			knownRegions = (
				en,
				Base,
			);
			mainGroup = E5BB9910284760F200390916;
			packageReferences = (
				E5BB994C284761CA00390916 /* XCRemoteSwiftPackageReference "SnapKit" */,
				E5BB994F284761E100390916 /* XCRemoteSwiftPackageReference "Alamofire" */,
				E5BB99522847620000390916 /* XCRemoteSwiftPackageReference "Kingfisher" */,
			);
			productRefGroup = E5BB991A284760F200390916 /* Products */;
			projectDirPath = "";
			projectRoot = "";
			targets = (
				E5BB9918284760F200390916 /* Shopping */,
				E5BB992E284760F300390916 /* ShoppingTests */,
				E5BB9938284760F300390916 /* ShoppingUITests */,
			);
		};
/* End PBXProject section */

/* Begin PBXResourcesBuildPhase section */
		E5BB9917284760F200390916 /* Resources */ = {
			isa = PBXResourcesBuildPhase;
			buildActionMask = 2147483647;
			files = (
				E5BB9929284760F300390916 /* LaunchScreen.storyboard in Resources */,
				E5BB9926284760F300390916 /* Assets.xcassets in Resources */,
			);
			runOnlyForDeploymentPostprocessing = 0;
		};
		E5BB992D284760F300390916 /* Resources */ = {
			isa = PBXResourcesBuildPhase;
			buildActionMask = 2147483647;
			files = (
			);
			runOnlyForDeploymentPostprocessing = 0;
		};
		E5BB9937284760F300390916 /* Resources */ = {
			isa = PBXResourcesBuildPhase;
			buildActionMask = 2147483647;
			files = (
			);
			runOnlyForDeploymentPostprocessing = 0;
		};
/* End PBXResourcesBuildPhase section */

/* Begin PBXSourcesBuildPhase section */
		E5BB9915284760F200390916 /* Sources */ = {
			isa = PBXSourcesBuildPhase;
			buildActionMask = 2147483647;
			files = (
				E5BB9961284766A000390916 /* ShopListPresenter.swift in Sources */,
				E5BB9963284773E200390916 /* ShopListTableViewCell.swift in Sources */,
				E5BCFBCF2849BACB001AB5AF /* UserDefaultsManager.swift in Sources */,
				E5BCFBC62848C068001AB5AF /* String+.swift in Sources */,
				E5BCFBC32848925A001AB5AF /* ShopSearchManager.swift in Sources */,
				E5BCFBCD28498EA6001AB5AF /* ShopWebViewController.swift in Sources */,
				E5BB995E2847664E00390916 /* ShopListViewController.swift in Sources */,
				E5BB99652848830200390916 /* ShopRequestModel.swift in Sources */,
				E5BB991D284760F200390916 /* AppDelegate.swift in Sources */,
				E56CC3C028548F3500530F22 /* ShopWebViewPresenter.swift in Sources */,
				E5BB99672848866500390916 /* ShopResponseModel.swift in Sources */,
				E5BB991F284760F200390916 /* SceneDelegate.swift in Sources */,
				E5BB996A284887D800390916 /* Shop.swift in Sources */,
			);
			runOnlyForDeploymentPostprocessing = 0;
		};
		E5BB992B284760F300390916 /* Sources */ = {
			isa = PBXSourcesBuildPhase;
			buildActionMask = 2147483647;
			files = (
				E5BB9934284760F300390916 /* ShoppingTests.swift in Sources */,
			);
			runOnlyForDeploymentPostprocessing = 0;
		};
		E5BB9935284760F300390916 /* Sources */ = {
			isa = PBXSourcesBuildPhase;
			buildActionMask = 2147483647;
			files = (
				E5BB9940284760F300390916 /* ShoppingUITestsLaunchTests.swift in Sources */,
				E5BB993E284760F300390916 /* ShoppingUITests.swift in Sources */,
			);
			runOnlyForDeploymentPostprocessing = 0;
		};
/* End PBXSourcesBuildPhase section */

/* Begin PBXTargetDependency section */
		E5BB9931284760F300390916 /* PBXTargetDependency */ = {
			isa = PBXTargetDependency;
			target = E5BB9918284760F200390916 /* Shopping */;
			targetProxy = E5BB9930284760F300390916 /* PBXContainerItemProxy */;
		};
		E5BB993B284760F300390916 /* PBXTargetDependency */ = {
			isa = PBXTargetDependency;
			target = E5BB9918284760F200390916 /* Shopping */;
			targetProxy = E5BB993A284760F300390916 /* PBXContainerItemProxy */;
		};
/* End PBXTargetDependency section */

/* Begin PBXVariantGroup section */
		E5BB9927284760F300390916 /* LaunchScreen.storyboard */ = {
			isa = PBXVariantGroup;
			children = (
				E5BB9928284760F300390916 /* Base */,
			);
			name = LaunchScreen.storyboard;
			sourceTree = "<group>";
		};
/* End PBXVariantGroup section */

/* Begin XCBuildConfiguration section */
		E5BB9941284760F300390916 /* Debug */ = {
			isa = XCBuildConfiguration;
			buildSettings = {
				ALWAYS_SEARCH_USER_PATHS = NO;
				CLANG_ANALYZER_NONNULL = YES;
				CLANG_ANALYZER_NUMBER_OBJECT_CONVERSION = YES_AGGRESSIVE;
				CLANG_CXX_LANGUAGE_STANDARD = "gnu++17";
				CLANG_CXX_LIBRARY = "libc++";
				CLANG_ENABLE_MODULES = YES;
				CLANG_ENABLE_OBJC_ARC = YES;
				CLANG_ENABLE_OBJC_WEAK = YES;
				CLANG_WARN_BLOCK_CAPTURE_AUTORELEASING = YES;
				CLANG_WARN_BOOL_CONVERSION = YES;
				CLANG_WARN_COMMA = YES;
				CLANG_WARN_CONSTANT_CONVERSION = YES;
				CLANG_WARN_DEPRECATED_OBJC_IMPLEMENTATIONS = YES;
				CLANG_WARN_DIRECT_OBJC_ISA_USAGE = YES_ERROR;
				CLANG_WARN_DOCUMENTATION_COMMENTS = YES;
				CLANG_WARN_EMPTY_BODY = YES;
				CLANG_WARN_ENUM_CONVERSION = YES;
				CLANG_WARN_INFINITE_RECURSION = YES;
				CLANG_WARN_INT_CONVERSION = YES;
				CLANG_WARN_NON_LITERAL_NULL_CONVERSION = YES;
				CLANG_WARN_OBJC_IMPLICIT_RETAIN_SELF = YES;
				CLANG_WARN_OBJC_LITERAL_CONVERSION = YES;
				CLANG_WARN_OBJC_ROOT_CLASS = YES_ERROR;
				CLANG_WARN_QUOTED_INCLUDE_IN_FRAMEWORK_HEADER = YES;
				CLANG_WARN_RANGE_LOOP_ANALYSIS = YES;
				CLANG_WARN_STRICT_PROTOTYPES = YES;
				CLANG_WARN_SUSPICIOUS_MOVE = YES;
				CLANG_WARN_UNGUARDED_AVAILABILITY = YES_AGGRESSIVE;
				CLANG_WARN_UNREACHABLE_CODE = YES;
				CLANG_WARN__DUPLICATE_METHOD_MATCH = YES;
				COPY_PHASE_STRIP = NO;
				DEBUG_INFORMATION_FORMAT = dwarf;
				ENABLE_STRICT_OBJC_MSGSEND = YES;
				ENABLE_TESTABILITY = YES;
				GCC_C_LANGUAGE_STANDARD = gnu11;
				GCC_DYNAMIC_NO_PIC = NO;
				GCC_NO_COMMON_BLOCKS = YES;
				GCC_OPTIMIZATION_LEVEL = 0;
				GCC_PREPROCESSOR_DEFINITIONS = (
					"DEBUG=1",
					"$(inherited)",
				);
				GCC_WARN_64_TO_32_BIT_CONVERSION = YES;
				GCC_WARN_ABOUT_RETURN_TYPE = YES_ERROR;
				GCC_WARN_UNDECLARED_SELECTOR = YES;
				GCC_WARN_UNINITIALIZED_AUTOS = YES_AGGRESSIVE;
				GCC_WARN_UNUSED_FUNCTION = YES;
				GCC_WARN_UNUSED_VARIABLE = YES;
				IPHONEOS_DEPLOYMENT_TARGET = 15.2;
				MTL_ENABLE_DEBUG_INFO = INCLUDE_SOURCE;
				MTL_FAST_MATH = YES;
				ONLY_ACTIVE_ARCH = YES;
				SDKROOT = iphoneos;
				SWIFT_ACTIVE_COMPILATION_CONDITIONS = DEBUG;
				SWIFT_OPTIMIZATION_LEVEL = "-Onone";
			};
			name = Debug;
		};
		E5BB9942284760F300390916 /* Release */ = {
			isa = XCBuildConfiguration;
			buildSettings = {
				ALWAYS_SEARCH_USER_PATHS = NO;
				CLANG_ANALYZER_NONNULL = YES;
				CLANG_ANALYZER_NUMBER_OBJECT_CONVERSION = YES_AGGRESSIVE;
				CLANG_CXX_LANGUAGE_STANDARD = "gnu++17";
				CLANG_CXX_LIBRARY = "libc++";
				CLANG_ENABLE_MODULES = YES;
				CLANG_ENABLE_OBJC_ARC = YES;
				CLANG_ENABLE_OBJC_WEAK = YES;
				CLANG_WARN_BLOCK_CAPTURE_AUTORELEASING = YES;
				CLANG_WARN_BOOL_CONVERSION = YES;
				CLANG_WARN_COMMA = YES;
				CLANG_WARN_CONSTANT_CONVERSION = YES;
				CLANG_WARN_DEPRECATED_OBJC_IMPLEMENTATIONS = YES;
				CLANG_WARN_DIRECT_OBJC_ISA_USAGE = YES_ERROR;
				CLANG_WARN_DOCUMENTATION_COMMENTS = YES;
				CLANG_WARN_EMPTY_BODY = YES;
				CLANG_WARN_ENUM_CONVERSION = YES;
				CLANG_WARN_INFINITE_RECURSION = YES;
				CLANG_WARN_INT_CONVERSION = YES;
				CLANG_WARN_NON_LITERAL_NULL_CONVERSION = YES;
				CLANG_WARN_OBJC_IMPLICIT_RETAIN_SELF = YES;
				CLANG_WARN_OBJC_LITERAL_CONVERSION = YES;
				CLANG_WARN_OBJC_ROOT_CLASS = YES_ERROR;
				CLANG_WARN_QUOTED_INCLUDE_IN_FRAMEWORK_HEADER = YES;
				CLANG_WARN_RANGE_LOOP_ANALYSIS = YES;
				CLANG_WARN_STRICT_PROTOTYPES = YES;
				CLANG_WARN_SUSPICIOUS_MOVE = YES;
				CLANG_WARN_UNGUARDED_AVAILABILITY = YES_AGGRESSIVE;
				CLANG_WARN_UNREACHABLE_CODE = YES;
				CLANG_WARN__DUPLICATE_METHOD_MATCH = YES;
				COPY_PHASE_STRIP = NO;
				DEBUG_INFORMATION_FORMAT = "dwarf-with-dsym";
				ENABLE_NS_ASSERTIONS = NO;
				ENABLE_STRICT_OBJC_MSGSEND = YES;
				GCC_C_LANGUAGE_STANDARD = gnu11;
				GCC_NO_COMMON_BLOCKS = YES;
				GCC_WARN_64_TO_32_BIT_CONVERSION = YES;
				GCC_WARN_ABOUT_RETURN_TYPE = YES_ERROR;
				GCC_WARN_UNDECLARED_SELECTOR = YES;
				GCC_WARN_UNINITIALIZED_AUTOS = YES_AGGRESSIVE;
				GCC_WARN_UNUSED_FUNCTION = YES;
				GCC_WARN_UNUSED_VARIABLE = YES;
				IPHONEOS_DEPLOYMENT_TARGET = 15.2;
				MTL_ENABLE_DEBUG_INFO = NO;
				MTL_FAST_MATH = YES;
				SDKROOT = iphoneos;
				SWIFT_COMPILATION_MODE = wholemodule;
				SWIFT_OPTIMIZATION_LEVEL = "-O";
				VALIDATE_PRODUCT = YES;
			};
			name = Release;
		};
		E5BB9944284760F300390916 /* Debug */ = {
			isa = XCBuildConfiguration;
			buildSettings = {
				ASSETCATALOG_COMPILER_APPICON_NAME = AppIcon;
				ASSETCATALOG_COMPILER_GLOBAL_ACCENT_COLOR_NAME = AccentColor;
				CODE_SIGN_STYLE = Automatic;
				CURRENT_PROJECT_VERSION = 1;
				DEVELOPMENT_TEAM = 5WQ6FF85SW;
				GENERATE_INFOPLIST_FILE = YES;
				INFOPLIST_FILE = Shopping/Info.plist;
				INFOPLIST_KEY_UIApplicationSupportsIndirectInputEvents = YES;
				INFOPLIST_KEY_UILaunchStoryboardName = LaunchScreen;
				INFOPLIST_KEY_UIMainStoryboardFile = "";
				INFOPLIST_KEY_UISupportedInterfaceOrientations_iPad = "UIInterfaceOrientationPortrait UIInterfaceOrientationPortraitUpsideDown UIInterfaceOrientationLandscapeLeft UIInterfaceOrientationLandscapeRight";
				INFOPLIST_KEY_UISupportedInterfaceOrientations_iPhone = "UIInterfaceOrientationPortrait UIInterfaceOrientationLandscapeLeft UIInterfaceOrientationLandscapeRight";
				LD_RUNPATH_SEARCH_PATHS = (
					"$(inherited)",
					"@executable_path/Frameworks",
				);
				MARKETING_VERSION = 1.0;
				PRODUCT_BUNDLE_IDENTIFIER = "aeron-kim.Shopping";
				PRODUCT_NAME = "$(TARGET_NAME)";
				SWIFT_EMIT_LOC_STRINGS = YES;
				SWIFT_VERSION = 5.0;
				TARGETED_DEVICE_FAMILY = 1;
			};
			name = Debug;
		};
		E5BB9945284760F300390916 /* Release */ = {
			isa = XCBuildConfiguration;
			buildSettings = {
				ASSETCATALOG_COMPILER_APPICON_NAME = AppIcon;
				ASSETCATALOG_COMPILER_GLOBAL_ACCENT_COLOR_NAME = AccentColor;
				CODE_SIGN_STYLE = Automatic;
				CURRENT_PROJECT_VERSION = 1;
				DEVELOPMENT_TEAM = 5WQ6FF85SW;
				GENERATE_INFOPLIST_FILE = YES;
				INFOPLIST_FILE = Shopping/Info.plist;
				INFOPLIST_KEY_UIApplicationSupportsIndirectInputEvents = YES;
				INFOPLIST_KEY_UILaunchStoryboardName = LaunchScreen;
				INFOPLIST_KEY_UIMainStoryboardFile = "";
				INFOPLIST_KEY_UISupportedInterfaceOrientations_iPad = "UIInterfaceOrientationPortrait UIInterfaceOrientationPortraitUpsideDown UIInterfaceOrientationLandscapeLeft UIInterfaceOrientationLandscapeRight";
				INFOPLIST_KEY_UISupportedInterfaceOrientations_iPhone = "UIInterfaceOrientationPortrait UIInterfaceOrientationLandscapeLeft UIInterfaceOrientationLandscapeRight";
				LD_RUNPATH_SEARCH_PATHS = (
					"$(inherited)",
					"@executable_path/Frameworks",
				);
				MARKETING_VERSION = 1.0;
				PRODUCT_BUNDLE_IDENTIFIER = "aeron-kim.Shopping";
				PRODUCT_NAME = "$(TARGET_NAME)";
				SWIFT_EMIT_LOC_STRINGS = YES;
				SWIFT_VERSION = 5.0;
				TARGETED_DEVICE_FAMILY = 1;
			};
			name = Release;
		};
		E5BB9947284760F300390916 /* Debug */ = {
			isa = XCBuildConfiguration;
			buildSettings = {
				ALWAYS_EMBED_SWIFT_STANDARD_LIBRARIES = YES;
				BUNDLE_LOADER = "$(TEST_HOST)";
				CODE_SIGN_STYLE = Automatic;
				CURRENT_PROJECT_VERSION = 1;
				DEVELOPMENT_TEAM = 5WQ6FF85SW;
				GENERATE_INFOPLIST_FILE = YES;
				IPHONEOS_DEPLOYMENT_TARGET = 15.2;
				MARKETING_VERSION = 1.0;
				PRODUCT_BUNDLE_IDENTIFIER = "aeron-kim.ShoppingTests";
				PRODUCT_NAME = "$(TARGET_NAME)";
				SWIFT_EMIT_LOC_STRINGS = NO;
				SWIFT_VERSION = 5.0;
				TARGETED_DEVICE_FAMILY = "1,2";
				TEST_HOST = "$(BUILT_PRODUCTS_DIR)/Shopping.app/Shopping";
			};
			name = Debug;
		};
		E5BB9948284760F300390916 /* Release */ = {
			isa = XCBuildConfiguration;
			buildSettings = {
				ALWAYS_EMBED_SWIFT_STANDARD_LIBRARIES = YES;
				BUNDLE_LOADER = "$(TEST_HOST)";
				CODE_SIGN_STYLE = Automatic;
				CURRENT_PROJECT_VERSION = 1;
				DEVELOPMENT_TEAM = 5WQ6FF85SW;
				GENERATE_INFOPLIST_FILE = YES;
				IPHONEOS_DEPLOYMENT_TARGET = 15.2;
				MARKETING_VERSION = 1.0;
				PRODUCT_BUNDLE_IDENTIFIER = "aeron-kim.ShoppingTests";
				PRODUCT_NAME = "$(TARGET_NAME)";
				SWIFT_EMIT_LOC_STRINGS = NO;
				SWIFT_VERSION = 5.0;
				TARGETED_DEVICE_FAMILY = "1,2";
				TEST_HOST = "$(BUILT_PRODUCTS_DIR)/Shopping.app/Shopping";
			};
			name = Release;
		};
		E5BB994A284760F300390916 /* Debug */ = {
			isa = XCBuildConfiguration;
			buildSettings = {
				ALWAYS_EMBED_SWIFT_STANDARD_LIBRARIES = YES;
				CODE_SIGN_STYLE = Automatic;
				CURRENT_PROJECT_VERSION = 1;
				DEVELOPMENT_TEAM = 5WQ6FF85SW;
				GENERATE_INFOPLIST_FILE = YES;
				MARKETING_VERSION = 1.0;
				PRODUCT_BUNDLE_IDENTIFIER = "aeron-kim.ShoppingUITests";
				PRODUCT_NAME = "$(TARGET_NAME)";
				SWIFT_EMIT_LOC_STRINGS = NO;
				SWIFT_VERSION = 5.0;
				TARGETED_DEVICE_FAMILY = "1,2";
				TEST_TARGET_NAME = Shopping;
			};
			name = Debug;
		};
		E5BB994B284760F300390916 /* Release */ = {
			isa = XCBuildConfiguration;
			buildSettings = {
				ALWAYS_EMBED_SWIFT_STANDARD_LIBRARIES = YES;
				CODE_SIGN_STYLE = Automatic;
				CURRENT_PROJECT_VERSION = 1;
				DEVELOPMENT_TEAM = 5WQ6FF85SW;
				GENERATE_INFOPLIST_FILE = YES;
				MARKETING_VERSION = 1.0;
				PRODUCT_BUNDLE_IDENTIFIER = "aeron-kim.ShoppingUITests";
				PRODUCT_NAME = "$(TARGET_NAME)";
				SWIFT_EMIT_LOC_STRINGS = NO;
				SWIFT_VERSION = 5.0;
				TARGETED_DEVICE_FAMILY = "1,2";
				TEST_TARGET_NAME = Shopping;
			};
			name = Release;
		};
/* End XCBuildConfiguration section */

/* Begin XCConfigurationList section */
		E5BB9914284760F200390916 /* Build configuration list for PBXProject "Shopping" */ = {
			isa = XCConfigurationList;
			buildConfigurations = (
				E5BB9941284760F300390916 /* Debug */,
				E5BB9942284760F300390916 /* Release */,
			);
			defaultConfigurationIsVisible = 0;
			defaultConfigurationName = Release;
		};
		E5BB9943284760F300390916 /* Build configuration list for PBXNativeTarget "Shopping" */ = {
			isa = XCConfigurationList;
			buildConfigurations = (
				E5BB9944284760F300390916 /* Debug */,
				E5BB9945284760F300390916 /* Release */,
			);
			defaultConfigurationIsVisible = 0;
			defaultConfigurationName = Release;
		};
		E5BB9946284760F300390916 /* Build configuration list for PBXNativeTarget "ShoppingTests" */ = {
			isa = XCConfigurationList;
			buildConfigurations = (
				E5BB9947284760F300390916 /* Debug */,
				E5BB9948284760F300390916 /* Release */,
			);
			defaultConfigurationIsVisible = 0;
			defaultConfigurationName = Release;
		};
		E5BB9949284760F300390916 /* Build configuration list for PBXNativeTarget "ShoppingUITests" */ = {
			isa = XCConfigurationList;
			buildConfigurations = (
				E5BB994A284760F300390916 /* Debug */,
				E5BB994B284760F300390916 /* Release */,
			);
			defaultConfigurationIsVisible = 0;
			defaultConfigurationName = Release;
		};
/* End XCConfigurationList section */

/* Begin XCRemoteSwiftPackageReference section */
		E5BB994C284761CA00390916 /* XCRemoteSwiftPackageReference "SnapKit" */ = {
			isa = XCRemoteSwiftPackageReference;
			repositoryURL = "https://github.com/SnapKit/SnapKit.git";
			requirement = {
				kind = upToNextMajorVersion;
				minimumVersion = 5.0.0;
			};
		};
		E5BB994F284761E100390916 /* XCRemoteSwiftPackageReference "Alamofire" */ = {
			isa = XCRemoteSwiftPackageReference;
			repositoryURL = "https://github.com/Alamofire/Alamofire.git";
			requirement = {
				kind = upToNextMajorVersion;
				minimumVersion = 5.0.0;
			};
		};
		E5BB99522847620000390916 /* XCRemoteSwiftPackageReference "Kingfisher" */ = {
			isa = XCRemoteSwiftPackageReference;
			repositoryURL = "https://github.com/onevcat/Kingfisher.git";
			requirement = {
				kind = upToNextMajorVersion;
				minimumVersion = 7.0.0;
			};
		};
/* End XCRemoteSwiftPackageReference section */

/* Begin XCSwiftPackageProductDependency section */
		E5BB994D284761CA00390916 /* SnapKit */ = {
			isa = XCSwiftPackageProductDependency;
			package = E5BB994C284761CA00390916 /* XCRemoteSwiftPackageReference "SnapKit" */;
			productName = SnapKit;
		};
		E5BB9950284761E100390916 /* Alamofire */ = {
			isa = XCSwiftPackageProductDependency;
			package = E5BB994F284761E100390916 /* XCRemoteSwiftPackageReference "Alamofire" */;
			productName = Alamofire;
		};
		E5BB99532847620000390916 /* Kingfisher */ = {
			isa = XCSwiftPackageProductDependency;
			package = E5BB99522847620000390916 /* XCRemoteSwiftPackageReference "Kingfisher" */;
			productName = Kingfisher;
		};
/* End XCSwiftPackageProductDependency section */
	};
	rootObject = E5BB9911284760F200390916 /* Project object */;
}
